
Microsoft Visual Studio Solution File, Format Version 12.00
# Visual Studio Version 17
VisualStudioVersion = 17.7.34221.43
MinimumVisualStudioVersion = 10.0.40219.1
Project("{9A19103F-16F7-4668-BE54-9A1E7A4F7556}") = "GameHostsManager.WebApi", "Presentations\GameHostsManager.WebApi\GameHostsManager.WebApi.csproj", "{A6B4D8B3-8BC4-4703-9152-4B2A8B56E171}"
EndProject
Project("{9A19103F-16F7-4668-BE54-9A1E7A4F7556}") = "GameHostsManager.Domain", "Core\GameHostsManager.Domain\GameHostsManager.Domain.csproj", "{C837A619-AB75-4623-B7D0-275FFB70BB7F}"
EndProject
Project("{9A19103F-16F7-4668-BE54-9A1E7A4F7556}") = "GameHostsManager.Application", "Core\GameHostsManager.Application\GameHostsManager.Application.csproj", "{A8962B50-A87A-4C23-B816-0B475E8076CA}"
EndProject
Project("{9A19103F-16F7-4668-BE54-9A1E7A4F7556}") = "GameHostsManager.Persistance.MemoryCache", "Persistance\GameHostsManager.Persistance.Cache\GameHostsManager.Persistance.MemoryCache.csproj", "{26463FD5-F2EB-4D43-8483-4B252BBB423B}"
EndProject
Project("{9A19103F-16F7-4668-BE54-9A1E7A4F7556}") = "GameHostsManager.Infrastructure.Mapping", "Infrastructure\GameHostsManager.Infrastructure.Mapping\GameHostsManager.Infrastructure.Mapping.csproj", "{CB7D5401-598B-4517-BD8B-BC65C3CA1B81}"
EndProject
Project("{9A19103F-16F7-4668-BE54-9A1E7A4F7556}") = "GameHostsManager.Infrastructure.Validation", "Infrastructure\GameHostsManager.Infrastructure.Validation\GameHostsManager.Infrastructure.Validation.csproj", "{BA567144-2AD9-43B9-B9B4-013820654522}"
EndProject
Project("{9A19103F-16F7-4668-BE54-9A1E7A4F7556}") = "GameHostsManager.Infrastructure.IoC", "Infrastructure\GameHostsManager.Infrastructure.IoC\GameHostsManager.Infrastructure.IoC.csproj", "{6001F144-E1EF-416E-B043-D06DC7F3309E}"
EndProject
Project("{2150E333-8FDC-42A3-9474-1A3956D46DE8}") = "Core", "Core", "{29101C20-28D0-456B-9C8F-73976AA7D8F2}"
EndProject
Project("{2150E333-8FDC-42A3-9474-1A3956D46DE8}") = "Infrastructure", "Infrastructure", "{1EC1E7D2-009A-4EC6-B2D0-30FDDD20D8D0}"
EndProject
Project("{2150E333-8FDC-42A3-9474-1A3956D46DE8}") = "Persistance", "Persistance", "{BF3AC4BF-2084-4BF4-AC79-E77B440B8C4E}"
EndProject
Project("{2150E333-8FDC-42A3-9474-1A3956D46DE8}") = "Presentations", "Presentations", "{E9BA2EE9-467A-4AE7-BD59-C709858BA726}"
EndProject
Global
	GlobalSection(SolutionConfigurationPlatforms) = preSolution
		Debug|Any CPU = Debug|Any CPU
		Release|Any CPU = Release|Any CPU
	EndGlobalSection
	GlobalSection(ProjectConfigurationPlatforms) = postSolution
		{A6B4D8B3-8BC4-4703-9152-4B2A8B56E171}.Debug|Any CPU.ActiveCfg = Debug|Any CPU
		{A6B4D8B3-8BC4-4703-9152-4B2A8B56E171}.Debug|Any CPU.Build.0 = Debug|Any CPU
		{A6B4D8B3-8BC4-4703-9152-4B2A8B56E171}.Release|Any CPU.ActiveCfg = Release|Any CPU
		{A6B4D8B3-8BC4-4703-9152-4B2A8B56E171}.Release|Any CPU.Build.0 = Release|Any CPU
		{C837A619-AB75-4623-B7D0-275FFB70BB7F}.Debug|Any CPU.ActiveCfg = Debug|Any CPU
		{C837A619-AB75-4623-B7D0-275FFB70BB7F}.Debug|Any CPU.Build.0 = Debug|Any CPU
		{C837A619-AB75-4623-B7D0-275FFB70BB7F}.Release|Any CPU.ActiveCfg = Release|Any CPU
		{C837A619-AB75-4623-B7D0-275FFB70BB7F}.Release|Any CPU.Build.0 = Release|Any CPU
		{A8962B50-A87A-4C23-B816-0B475E8076CA}.Debug|Any CPU.ActiveCfg = Debug|Any CPU
		{A8962B50-A87A-4C23-B816-0B475E8076CA}.Debug|Any CPU.Build.0 = Debug|Any CPU
		{A8962B50-A87A-4C23-B816-0B475E8076CA}.Release|Any CPU.ActiveCfg = Release|Any CPU
		{A8962B50-A87A-4C23-B816-0B475E8076CA}.Release|Any CPU.Build.0 = Release|Any CPU
		{26463FD5-F2EB-4D43-8483-4B252BBB423B}.Debug|Any CPU.ActiveCfg = Debug|Any CPU
		{26463FD5-F2EB-4D43-8483-4B252BBB423B}.Debug|Any CPU.Build.0 = Debug|Any CPU
		{26463FD5-F2EB-4D43-8483-4B252BBB423B}.Release|Any CPU.ActiveCfg = Release|Any CPU
		{26463FD5-F2EB-4D43-8483-4B252BBB423B}.Release|Any CPU.Build.0 = Release|Any CPU
		{CB7D5401-598B-4517-BD8B-BC65C3CA1B81}.Debug|Any CPU.ActiveCfg = Debug|Any CPU
		{CB7D5401-598B-4517-BD8B-BC65C3CA1B81}.Debug|Any CPU.Build.0 = Debug|Any CPU
		{CB7D5401-598B-4517-BD8B-BC65C3CA1B81}.Release|Any CPU.ActiveCfg = Release|Any CPU
		{CB7D5401-598B-4517-BD8B-BC65C3CA1B81}.Release|Any CPU.Build.0 = Release|Any CPU
		{BA567144-2AD9-43B9-B9B4-013820654522}.Debug|Any CPU.ActiveCfg = Debug|Any CPU
		{BA567144-2AD9-43B9-B9B4-013820654522}.Debug|Any CPU.Build.0 = Debug|Any CPU
		{BA567144-2AD9-43B9-B9B4-013820654522}.Release|Any CPU.ActiveCfg = Release|Any CPU
		{BA567144-2AD9-43B9-B9B4-013820654522}.Release|Any CPU.Build.0 = Release|Any CPU
		{6001F144-E1EF-416E-B043-D06DC7F3309E}.Debug|Any CPU.ActiveCfg = Debug|Any CPU
		{6001F144-E1EF-416E-B043-D06DC7F3309E}.Debug|Any CPU.Build.0 = Debug|Any CPU
		{6001F144-E1EF-416E-B043-D06DC7F3309E}.Release|Any CPU.ActiveCfg = Release|Any CPU
		{6001F144-E1EF-416E-B043-D06DC7F3309E}.Release|Any CPU.Build.0 = Release|Any CPU
	EndGlobalSection
	GlobalSection(SolutionProperties) = preSolution
		HideSolutionNode = FALSE
	EndGlobalSection
	GlobalSection(NestedProjects) = preSolution
		{A6B4D8B3-8BC4-4703-9152-4B2A8B56E171} = {E9BA2EE9-467A-4AE7-BD59-C709858BA726}
		{C837A619-AB75-4623-B7D0-275FFB70BB7F} = {29101C20-28D0-456B-9C8F-73976AA7D8F2}
		{A8962B50-A87A-4C23-B816-0B475E8076CA} = {29101C20-28D0-456B-9C8F-73976AA7D8F2}
		{26463FD5-F2EB-4D43-8483-4B252BBB423B} = {BF3AC4BF-2084-4BF4-AC79-E77B440B8C4E}
		{CB7D5401-598B-4517-BD8B-BC65C3CA1B81} = {1EC1E7D2-009A-4EC6-B2D0-30FDDD20D8D0}
		{BA567144-2AD9-43B9-B9B4-013820654522} = {1EC1E7D2-009A-4EC6-B2D0-30FDDD20D8D0}
		{6001F144-E1EF-416E-B043-D06DC7F3309E} = {1EC1E7D2-009A-4EC6-B2D0-30FDDD20D8D0}
	EndGlobalSection
	GlobalSection(ExtensibilityGlobals) = postSolution
		SolutionGuid = {647FABFB-B1F5-4F77-9FE3-C672C4038659}
	EndGlobalSection
EndGlobal
